
Microsoft Visual Studio Solution File, Format Version 12.00
# Visual Studio Version 17
VisualStudioVersion = 17.5.002.0
MinimumVisualStudioVersion = 10.0.40219.1
Project("{9A19103F-16F7-4668-BE54-9A1E7A4F7556}") = "getAppAndGo", "server\getAppAndGo.csproj", "{1AE23A4F-55C5-4DEE-A5C6-34D7FDE35D28}"
EndProject
Global
	GlobalSection(SolutionConfigurationPlatforms) = preSolution
		Debug|Any CPU = Debug|Any CPU
		Release|Any CPU = Release|Any CPU
	EndGlobalSection
	GlobalSection(ProjectConfigurationPlatforms) = postSolution
		{1AE23A4F-55C5-4DEE-A5C6-34D7FDE35D28}.Debug|Any CPU.ActiveCfg = Debug|Any CPU
		{1AE23A4F-55C5-4DEE-A5C6-34D7FDE35D28}.Debug|Any CPU.Build.0 = Debug|Any CPU
		{1AE23A4F-55C5-4DEE-A5C6-34D7FDE35D28}.Release|Any CPU.ActiveCfg = Release|Any CPU
		{1AE23A4F-55C5-4DEE-A5C6-34D7FDE35D28}.Release|Any CPU.Build.0 = Release|Any CPU
	EndGlobalSection
	GlobalSection(SolutionProperties) = preSolution
		HideSolutionNode = FALSE
	EndGlobalSection
	GlobalSection(ExtensibilityGlobals) = postSolution
		SolutionGuid = {EAFBCE74-7813-48D8-888D-A013D8526EFE}
	EndGlobalSection
EndGlobal
